version = 1
revision = 3
requires-python = ">=3.14"

[[package]]
name = "gbif"
version = "0.1.0"
source = { virtual = "." }
dependencies = [
    { name = "polars-lts-cpu" },
]

[package.metadata]
requires-dist = [{ name = "polars-lts-cpu", specifier = ">=1.33.1" }]

[[package]]
name = "polars-lts-cpu"
version = "1.33.1"
source = { registry = "https://pypi.org/simple" }
sdist = { url = "https://files.pythonhosted.org/packages/f4/93/a0c4200a5e0af2eee31ea79330cb1f5f4c58f604cb3de352f654e2010c81/polars_lts_cpu-1.33.1.tar.gz", hash = "sha256:0a5426d95ec9eec937a56d3e7cf7911a4b5486c42f4dbbcc9512aa706039322c", size = 4822741, upload-time = "2025-09-09T08:37:51.491Z" }
wheels = [
    { url = "https://files.pythonhosted.org/packages/f1/9b/75916636b33724afabe820b0993f60dc243793421d6f680d5fcb531fe170/polars_lts_cpu-1.33.1-cp39-abi3-macosx_10_12_x86_64.whl", hash = "sha256:5db75d1b424bd8aa34c9a670a901592f1931cc94d9fb32bdd428dbaad8c33761", size = 38908638, upload-time = "2025-09-09T08:37:02.258Z" },
    { url = "https://files.pythonhosted.org/packages/81/e2/dc77b81650ba0c631c06f05d8e81faacee87730600fceca372273facf77b/polars_lts_cpu-1.33.1-cp39-abi3-macosx_11_0_arm64.whl", hash = "sha256:37cf3a56cf447c69cfb3f9cd0e714d5b0c754705d7b497b9ab86cbf56e36b3e7", size = 35638895, upload-time = "2025-09-09T08:37:07.575Z" },
    { url = "https://files.pythonhosted.org/packages/27/fb/4dcff801d71dfa02ec682d6b32fd0ce5339de48797f663698d5f8348ffe7/polars_lts_cpu-1.33.1-cp39-abi3-manylinux_2_17_x86_64.manylinux2014_x86_64.whl", hash = "sha256:656b530a672fe8fbd4c212b2a8481099e5cef63e84970975619ea7c25faeb833", size = 39585825, upload-time = "2025-09-09T08:37:11.631Z" },
    { url = "https://files.pythonhosted.org/packages/54/31/0474c14dce2c0507bea40069daafb848980ba7c351ad991908e51ac895fb/polars_lts_cpu-1.33.1-cp39-abi3-manylinux_2_24_aarch64.whl", hash = "sha256:64574c784380b37167b3db3a7cfdb9839cd308e89b8818859d2ffb34a9c896b2", size = 36685020, upload-time = "2025-09-09T08:37:15.597Z" },
    { url = "https://files.pythonhosted.org/packages/d4/0a/5ebba9b145388ffbbd09fa84ac3cd7d336b922e34256b1417abf0a1c2fb9/polars_lts_cpu-1.33.1-cp39-abi3-win_amd64.whl", hash = "sha256:6b849e0e1485acb8ac39bf13356d280ea7c924c2b41cd548ea6e4d102d70be77", size = 39191650, upload-time = "2025-09-09T08:37:19.541Z" },
    { url = "https://files.pythonhosted.org/packages/ce/ad/bf3db68d30ac798ca31c80624709a0c03aa890e2e20e5ca987d7e55fcfc2/polars_lts_cpu-1.33.1-cp39-abi3-win_arm64.whl", hash = "sha256:c99ab56b059cee6bcabe9fb89e97f5813be1012a2251bf77f76e15c2d1cba934", size = 35445244, upload-time = "2025-09-09T08:37:22.97Z" },
]
